// !$*UTF8*$!
{
	archiveVersion = 1;
	classes = {
	};
	objectVersion = 50;
	objects = {

/* Begin PBXBuildFile section */
		1E243A8823F7A3440042FD91 /* AppDelegate.swift in Sources */ = {isa = PBXBuildFile; fileRef = 1E243A8723F7A3440042FD91 /* AppDelegate.swift */; };
		1E243A8A23F7A3440042FD91 /* SceneDelegate.swift in Sources */ = {isa = PBXBuildFile; fileRef = 1E243A8923F7A3440042FD91 /* SceneDelegate.swift */; };
		1E243A8F23F7A3440042FD91 /* Main.storyboard in Resources */ = {isa = PBXBuildFile; fileRef = 1E243A8D23F7A3440042FD91 /* Main.storyboard */; };
		1E243A9123F7A3510042FD91 /* Assets.xcassets in Resources */ = {isa = PBXBuildFile; fileRef = 1E243A9023F7A3510042FD91 /* Assets.xcassets */; };
		1E243A9423F7A3510042FD91 /* LaunchScreen.storyboard in Resources */ = {isa = PBXBuildFile; fileRef = 1E243A9223F7A3510042FD91 /* LaunchScreen.storyboard */; };
		1E243A9F23F7A3510042FD91 /* Example_3Tests.swift in Sources */ = {isa = PBXBuildFile; fileRef = 1E243A9E23F7A3510042FD91 /* Example_3Tests.swift */; };
		1E243AAA23F7A3520042FD91 /* Example_3UITests.swift in Sources */ = {isa = PBXBuildFile; fileRef = 1E243AA923F7A3520042FD91 /* Example_3UITests.swift */; };
		1E243AB823F7A5340042FD91 /* BooksViewController.swift in Sources */ = {isa = PBXBuildFile; fileRef = 1E243AB723F7A5340042FD91 /* BooksViewController.swift */; };
		1E243ABA23F7A53F0042FD91 /* BookViewController.swift in Sources */ = {isa = PBXBuildFile; fileRef = 1E243AB923F7A53F0042FD91 /* BookViewController.swift */; };
		1E243ABC23F7A54C0042FD91 /* NetworkRequest3.swift in Sources */ = {isa = PBXBuildFile; fileRef = 1E243ABB23F7A54C0042FD91 /* NetworkRequest3.swift */; };
		1E243ABE23F7A55E0042FD91 /* Books.swift in Sources */ = {isa = PBXBuildFile; fileRef = 1E243ABD23F7A55E0042FD91 /* Books.swift */; };
		1E243AC023F7A56E0042FD91 /* BookTableViewCell.swift in Sources */ = {isa = PBXBuildFile; fileRef = 1E243ABF23F7A56E0042FD91 /* BookTableViewCell.swift */; };
/* End PBXBuildFile section */

/* Begin PBXContainerItemProxy section */
		1E243A9B23F7A3510042FD91 /* PBXContainerItemProxy */ = {
			isa = PBXContainerItemProxy;
			containerPortal = 1E243A7C23F7A3430042FD91 /* Project object */;
			proxyType = 1;
			remoteGlobalIDString = 1E243A8323F7A3440042FD91;
			remoteInfo = "Example 3";
		};
		1E243AA623F7A3520042FD91 /* PBXContainerItemProxy */ = {
			isa = PBXContainerItemProxy;
			containerPortal = 1E243A7C23F7A3430042FD91 /* Project object */;
			proxyType = 1;
			remoteGlobalIDString = 1E243A8323F7A3440042FD91;
			remoteInfo = "Example 3";
		};
/* End PBXContainerItemProxy section */

/* Begin PBXFileReference section */
		1E243A8423F7A3440042FD91 /* Example 3.app */ = {isa = PBXFileReference; explicitFileType = wrapper.application; includeInIndex = 0; path = "Example 3.app"; sourceTree = BUILT_PRODUCTS_DIR; };
		1E243A8723F7A3440042FD91 /* AppDelegate.swift */ = {isa = PBXFileReference; lastKnownFileType = sourcecode.swift; path = AppDelegate.swift; sourceTree = "<group>"; };
		1E243A8923F7A3440042FD91 /* SceneDelegate.swift */ = {isa = PBXFileReference; lastKnownFileType = sourcecode.swift; path = SceneDelegate.swift; sourceTree = "<group>"; };
		1E243A8E23F7A3440042FD91 /* Base */ = {isa = PBXFileReference; lastKnownFileType = file.storyboard; name = Base; path = Base.lproj/Main.storyboard; sourceTree = "<group>"; };
		1E243A9023F7A3510042FD91 /* Assets.xcassets */ = {isa = PBXFileReference; lastKnownFileType = folder.assetcatalog; path = Assets.xcassets; sourceTree = "<group>"; };
		1E243A9323F7A3510042FD91 /* Base */ = {isa = PBXFileReference; lastKnownFileType = file.storyboard; name = Base; path = Base.lproj/LaunchScreen.storyboard; sourceTree = "<group>"; };
		1E243A9523F7A3510042FD91 /* Info.plist */ = {isa = PBXFileReference; lastKnownFileType = text.plist.xml; path = Info.plist; sourceTree = "<group>"; };
		1E243A9A23F7A3510042FD91 /* Example 3Tests.xctest */ = {isa = PBXFileReference; explicitFileType = wrapper.cfbundle; includeInIndex = 0; path = "Example 3Tests.xctest"; sourceTree = BUILT_PRODUCTS_DIR; };
		1E243A9E23F7A3510042FD91 /* Example_3Tests.swift */ = {isa = PBXFileReference; lastKnownFileType = sourcecode.swift; path = Example_3Tests.swift; sourceTree = "<group>"; };
		1E243AA023F7A3510042FD91 /* Info.plist */ = {isa = PBXFileReference; lastKnownFileType = text.plist.xml; path = Info.plist; sourceTree = "<group>"; };
		1E243AA523F7A3520042FD91 /* Example 3UITests.xctest */ = {isa = PBXFileReference; explicitFileType = wrapper.cfbundle; includeInIndex = 0; path = "Example 3UITests.xctest"; sourceTree = BUILT_PRODUCTS_DIR; };
		1E243AA923F7A3520042FD91 /* Example_3UITests.swift */ = {isa = PBXFileReference; lastKnownFileType = sourcecode.swift; path = Example_3UITests.swift; sourceTree = "<group>"; };
		1E243AAB23F7A3520042FD91 /* Info.plist */ = {isa = PBXFileReference; lastKnownFileType = text.plist.xml; path = Info.plist; sourceTree = "<group>"; };
		1E243AB723F7A5340042FD91 /* BooksViewController.swift */ = {isa = PBXFileReference; lastKnownFileType = sourcecode.swift; path = BooksViewController.swift; sourceTree = "<group>"; };
		1E243AB923F7A53F0042FD91 /* BookViewController.swift */ = {isa = PBXFileReference; lastKnownFileType = sourcecode.swift; path = BookViewController.swift; sourceTree = "<group>"; };
		1E243ABB23F7A54C0042FD91 /* NetworkRequest3.swift */ = {isa = PBXFileReference; lastKnownFileType = sourcecode.swift; path = NetworkRequest3.swift; sourceTree = "<group>"; };
		1E243ABD23F7A55E0042FD91 /* Books.swift */ = {isa = PBXFileReference; lastKnownFileType = sourcecode.swift; path = Books.swift; sourceTree = "<group>"; };
		1E243ABF23F7A56E0042FD91 /* BookTableViewCell.swift */ = {isa = PBXFileReference; lastKnownFileType = sourcecode.swift; path = BookTableViewCell.swift; sourceTree = "<group>"; };
/* End PBXFileReference section */

/* Begin PBXFrameworksBuildPhase section */
		1E243A8123F7A3440042FD91 /* Frameworks */ = {
			isa = PBXFrameworksBuildPhase;
			buildActionMask = 2147483647;
			files = (
			);
			runOnlyForDeploymentPostprocessing = 0;
		};
		1E243A9723F7A3510042FD91 /* Frameworks */ = {
			isa = PBXFrameworksBuildPhase;
			buildActionMask = 2147483647;
			files = (
			);
			runOnlyForDeploymentPostprocessing = 0;
		};
		1E243AA223F7A3520042FD91 /* Frameworks */ = {
			isa = PBXFrameworksBuildPhase;
			buildActionMask = 2147483647;
			files = (
			);
			runOnlyForDeploymentPostprocessing = 0;
		};
/* End PBXFrameworksBuildPhase section */

/* Begin PBXGroup section */
		1E243A7B23F7A3430042FD91 = {
			isa = PBXGroup;
			children = (
				1E243A8623F7A3440042FD91 /* Example 3 */,
				1E243A9D23F7A3510042FD91 /* Example 3Tests */,
				1E243AA823F7A3520042FD91 /* Example 3UITests */,
				1E243A8523F7A3440042FD91 /* Products */,
			);
			sourceTree = "<group>";
		};
		1E243A8523F7A3440042FD91 /* Products */ = {
			isa = PBXGroup;
			children = (
				1E243A8423F7A3440042FD91 /* Example 3.app */,
				1E243A9A23F7A3510042FD91 /* Example 3Tests.xctest */,
				1E243AA523F7A3520042FD91 /* Example 3UITests.xctest */,
			);
			name = Products;
			sourceTree = "<group>";
		};
		1E243A8623F7A3440042FD91 /* Example 3 */ = {
			isa = PBXGroup;
			children = (
				1E243A8723F7A3440042FD91 /* AppDelegate.swift */,
				1E243A8923F7A3440042FD91 /* SceneDelegate.swift */,
				1E243A8D23F7A3440042FD91 /* Main.storyboard */,
				1E243A9023F7A3510042FD91 /* Assets.xcassets */,
				1E243A9223F7A3510042FD91 /* LaunchScreen.storyboard */,
				1E243A9523F7A3510042FD91 /* Info.plist */,
				1E243AB723F7A5340042FD91 /* BooksViewController.swift */,
				1E243AB923F7A53F0042FD91 /* BookViewController.swift */,
				1E243ABB23F7A54C0042FD91 /* NetworkRequest3.swift */,
				1E243ABD23F7A55E0042FD91 /* Books.swift */,
				1E243ABF23F7A56E0042FD91 /* BookTableViewCell.swift */,
			);
			path = "Example 3";
			sourceTree = "<group>";
		};
		1E243A9D23F7A3510042FD91 /* Example 3Tests */ = {
			isa = PBXGroup;
			children = (
				1E243A9E23F7A3510042FD91 /* Example_3Tests.swift */,
				1E243AA023F7A3510042FD91 /* Info.plist */,
			);
			path = "Example 3Tests";
			sourceTree = "<group>";
		};
		1E243AA823F7A3520042FD91 /* Example 3UITests */ = {
			isa = PBXGroup;
			children = (
				1E243AA923F7A3520042FD91 /* Example_3UITests.swift */,
				1E243AAB23F7A3520042FD91 /* Info.plist */,
			);
			path = "Example 3UITests";
			sourceTree = "<group>";
		};
/* End PBXGroup section */

/* Begin PBXNativeTarget section */
		1E243A8323F7A3440042FD91 /* Example 3 */ = {
			isa = PBXNativeTarget;
			buildConfigurationList = 1E243AAE23F7A3520042FD91 /* Build configuration list for PBXNativeTarget "Example 3" */;
			buildPhases = (
				1E243A8023F7A3440042FD91 /* Sources */,
				1E243A8123F7A3440042FD91 /* Frameworks */,
				1E243A8223F7A3440042FD91 /* Resources */,
			);
			buildRules = (
			);
			dependencies = (
			);
			name = "Example 3";
			productName = "Example 3";
			productReference = 1E243A8423F7A3440042FD91 /* Example 3.app */;
			productType = "com.apple.product-type.application";
		};
		1E243A9923F7A3510042FD91 /* Example 3Tests */ = {
			isa = PBXNativeTarget;
			buildConfigurationList = 1E243AB123F7A3520042FD91 /* Build configuration list for PBXNativeTarget "Example 3Tests" */;
			buildPhases = (
				1E243A9623F7A3510042FD91 /* Sources */,
				1E243A9723F7A3510042FD91 /* Frameworks */,
				1E243A9823F7A3510042FD91 /* Resources */,
			);
			buildRules = (
			);
			dependencies = (
				1E243A9C23F7A3510042FD91 /* PBXTargetDependency */,
			);
			name = "Example 3Tests";
			productName = "Example 3Tests";
			productReference = 1E243A9A23F7A3510042FD91 /* Example 3Tests.xctest */;
			productType = "com.apple.product-type.bundle.unit-test";
		};
		1E243AA423F7A3520042FD91 /* Example 3UITests */ = {
			isa = PBXNativeTarget;
			buildConfigurationList = 1E243AB423F7A3520042FD91 /* Build configuration list for PBXNativeTarget "Example 3UITests" */;
			buildPhases = (
				1E243AA123F7A3520042FD91 /* Sources */,
				1E243AA223F7A3520042FD91 /* Frameworks */,
				1E243AA323F7A3520042FD91 /* Resources */,
			);
			buildRules = (
			);
			dependencies = (
				1E243AA723F7A3520042FD91 /* PBXTargetDependency */,
			);
			name = "Example 3UITests";
			productName = "Example 3UITests";
			productReference = 1E243AA523F7A3520042FD91 /* Example 3UITests.xctest */;
			productType = "com.apple.product-type.bundle.ui-testing";
		};
/* End PBXNativeTarget section */

/* Begin PBXProject section */
		1E243A7C23F7A3430042FD91 /* Project object */ = {
			isa = PBXProject;
			attributes = {
				LastSwiftUpdateCheck = 1110;
				LastUpgradeCheck = 1110;
				ORGANIZATIONNAME = "Carmel Braga";
				TargetAttributes = {
					1E243A8323F7A3440042FD91 = {
						CreatedOnToolsVersion = 11.1;
					};
					1E243A9923F7A3510042FD91 = {
						CreatedOnToolsVersion = 11.1;
						TestTargetID = 1E243A8323F7A3440042FD91;
					};
					1E243AA423F7A3520042FD91 = {
						CreatedOnToolsVersion = 11.1;
						TestTargetID = 1E243A8323F7A3440042FD91;
					};
				};
			};
			buildConfigurationList = 1E243A7F23F7A3440042FD91 /* Build configuration list for PBXProject "Example 3" */;
			compatibilityVersion = "Xcode 9.3";
			developmentRegion = en;
			hasScannedForEncodings = 0;
			knownRegions = (
				en,
				Base,
			);
			mainGroup = 1E243A7B23F7A3430042FD91;
			productRefGroup = 1E243A8523F7A3440042FD91 /* Products */;
			projectDirPath = "";
			projectRoot = "";
			targets = (
				1E243A8323F7A3440042FD91 /* Example 3 */,
				1E243A9923F7A3510042FD91 /* Example 3Tests */,
				1E243AA423F7A3520042FD91 /* Example 3UITests */,
			);
		};
/* End PBXProject section */

/* Begin PBXResourcesBuildPhase section */
		1E243A8223F7A3440042FD91 /* Resources */ = {
			isa = PBXResourcesBuildPhase;
			buildActionMask = 2147483647;
			files = (
				1E243A9423F7A3510042FD91 /* LaunchScreen.storyboard in Resources */,
				1E243A9123F7A3510042FD91 /* Assets.xcassets in Resources */,
				1E243A8F23F7A3440042FD91 /* Main.storyboard in Resources */,
			);
			runOnlyForDeploymentPostprocessing = 0;
		};
		1E243A9823F7A3510042FD91 /* Resources */ = {
			isa = PBXResourcesBuildPhase;
			buildActionMask = 2147483647;
			files = (
			);
			runOnlyForDeploymentPostprocessing = 0;
		};
		1E243AA323F7A3520042FD91 /* Resources */ = {
			isa = PBXResourcesBuildPhase;
			buildActionMask = 2147483647;
			files = (
			);
			runOnlyForDeploymentPostprocessing = 0;
		};
/* End PBXResourcesBuildPhase section */

/* Begin PBXSourcesBuildPhase section */
		1E243A8023F7A3440042FD91 /* Sources */ = {
			isa = PBXSourcesBuildPhase;
			buildActionMask = 2147483647;
			files = (
				1E243ABE23F7A55E0042FD91 /* Books.swift in Sources */,
				1E243A8823F7A3440042FD91 /* AppDelegate.swift in Sources */,
				1E243ABA23F7A53F0042FD91 /* BookViewController.swift in Sources */,
				1E243AC023F7A56E0042FD91 /* BookTableViewCell.swift in Sources */,
				1E243A8A23F7A3440042FD91 /* SceneDelegate.swift in Sources */,
				1E243ABC23F7A54C0042FD91 /* NetworkRequest3.swift in Sources */,
				1E243AB823F7A5340042FD91 /* BooksViewController.swift in Sources */,
			);
			runOnlyForDeploymentPostprocessing = 0;
		};
		1E243A9623F7A3510042FD91 /* Sources */ = {
			isa = PBXSourcesBuildPhase;
			buildActionMask = 2147483647;
			files = (
				1E243A9F23F7A3510042FD91 /* Example_3Tests.swift in Sources */,
			);
			runOnlyForDeploymentPostprocessing = 0;
		};
		1E243AA123F7A3520042FD91 /* Sources */ = {
			isa = PBXSourcesBuildPhase;
			buildActionMask = 2147483647;
			files = (
				1E243AAA23F7A3520042FD91 /* Example_3UITests.swift in Sources */,
			);
			runOnlyForDeploymentPostprocessing = 0;
		};
/* End PBXSourcesBuildPhase section */

/* Begin PBXTargetDependency section */
		1E243A9C23F7A3510042FD91 /* PBXTargetDependency */ = {
			isa = PBXTargetDependency;
			target = 1E243A8323F7A3440042FD91 /* Example 3 */;
			targetProxy = 1E243A9B23F7A3510042FD91 /* PBXContainerItemProxy */;
		};
		1E243AA723F7A3520042FD91 /* PBXTargetDependency */ = {
			isa = PBXTargetDependency;
			target = 1E243A8323F7A3440042FD91 /* Example 3 */;
			targetProxy = 1E243AA623F7A3520042FD91 /* PBXContainerItemProxy */;
		};
/* End PBXTargetDependency section */

/* Begin PBXVariantGroup section */
		1E243A8D23F7A3440042FD91 /* Main.storyboard */ = {
			isa = PBXVariantGroup;
			children = (
				1E243A8E23F7A3440042FD91 /* Base */,
			);
			name = Main.storyboard;
			sourceTree = "<group>";
		};
		1E243A9223F7A3510042FD91 /* LaunchScreen.storyboard */ = {
			isa = PBXVariantGroup;
			children = (
				1E243A9323F7A3510042FD91 /* Base */,
			);
			name = LaunchScreen.storyboard;
			sourceTree = "<group>";
		};
/* End PBXVariantGroup section */

/* Begin XCBuildConfiguration section */
		1E243AAC23F7A3520042FD91 /* Debug */ = {
			isa = XCBuildConfiguration;
			buildSettings = {
				ALWAYS_SEARCH_USER_PATHS = NO;
				CLANG_ANALYZER_NONNULL = YES;
				CLANG_ANALYZER_NUMBER_OBJECT_CONVERSION = YES_AGGRESSIVE;
				CLANG_CXX_LANGUAGE_STANDARD = "gnu++14";
				CLANG_CXX_LIBRARY = "libc++";
				CLANG_ENABLE_MODULES = YES;
				CLANG_ENABLE_OBJC_ARC = YES;
				CLANG_ENABLE_OBJC_WEAK = YES;
				CLANG_WARN_BLOCK_CAPTURE_AUTORELEASING = YES;
				CLANG_WARN_BOOL_CONVERSION = YES;
				CLANG_WARN_COMMA = YES;
				CLANG_WARN_CONSTANT_CONVERSION = YES;
				CLANG_WARN_DEPRECATED_OBJC_IMPLEMENTATIONS = YES;
				CLANG_WARN_DIRECT_OBJC_ISA_USAGE = YES_ERROR;
				CLANG_WARN_DOCUMENTATION_COMMENTS = YES;
				CLANG_WARN_EMPTY_BODY = YES;
				CLANG_WARN_ENUM_CONVERSION = YES;
				CLANG_WARN_INFINITE_RECURSION = YES;
				CLANG_WARN_INT_CONVERSION = YES;
				CLANG_WARN_NON_LITERAL_NULL_CONVERSION = YES;
				CLANG_WARN_OBJC_IMPLICIT_RETAIN_SELF = YES;
				CLANG_WARN_OBJC_LITERAL_CONVERSION = YES;
				CLANG_WARN_OBJC_ROOT_CLASS = YES_ERROR;
				CLANG_WARN_RANGE_LOOP_ANALYSIS = YES;
				CLANG_WARN_STRICT_PROTOTYPES = YES;
				CLANG_WARN_SUSPICIOUS_MOVE = YES;
				CLANG_WARN_UNGUARDED_AVAILABILITY = YES_AGGRESSIVE;
				CLANG_WARN_UNREACHABLE_CODE = YES;
				CLANG_WARN__DUPLICATE_METHOD_MATCH = YES;
				COPY_PHASE_STRIP = NO;
				DEBUG_INFORMATION_FORMAT = dwarf;
				ENABLE_STRICT_OBJC_MSGSEND = YES;
				ENABLE_TESTABILITY = YES;
				GCC_C_LANGUAGE_STANDARD = gnu11;
				GCC_DYNAMIC_NO_PIC = NO;
				GCC_NO_COMMON_BLOCKS = YES;
				GCC_OPTIMIZATION_LEVEL = 0;
				GCC_PREPROCESSOR_DEFINITIONS = (
					"DEBUG=1",
					"$(inherited)",
				);
				GCC_WARN_64_TO_32_BIT_CONVERSION = YES;
				GCC_WARN_ABOUT_RETURN_TYPE = YES_ERROR;
				GCC_WARN_UNDECLARED_SELECTOR = YES;
				GCC_WARN_UNINITIALIZED_AUTOS = YES_AGGRESSIVE;
				GCC_WARN_UNUSED_FUNCTION = YES;
				GCC_WARN_UNUSED_VARIABLE = YES;
				IPHONEOS_DEPLOYMENT_TARGET = 13.1;
				MTL_ENABLE_DEBUG_INFO = INCLUDE_SOURCE;
				MTL_FAST_MATH = YES;
				ONLY_ACTIVE_ARCH = YES;
				SDKROOT = iphoneos;
				SWIFT_ACTIVE_COMPILATION_CONDITIONS = DEBUG;
				SWIFT_OPTIMIZATION_LEVEL = "-Onone";
			};
			name = Debug;
		};
		1E243AAD23F7A3520042FD91 /* Release */ = {
			isa = XCBuildConfiguration;
			buildSettings = {
				ALWAYS_SEARCH_USER_PATHS = NO;
				CLANG_ANALYZER_NONNULL = YES;
				CLANG_ANALYZER_NUMBER_OBJECT_CONVERSION = YES_AGGRESSIVE;
				CLANG_CXX_LANGUAGE_STANDARD = "gnu++14";
				CLANG_CXX_LIBRARY = "libc++";
				CLANG_ENABLE_MODULES = YES;
				CLANG_ENABLE_OBJC_ARC = YES;
				CLANG_ENABLE_OBJC_WEAK = YES;
				CLANG_WARN_BLOCK_CAPTURE_AUTORELEASING = YES;
				CLANG_WARN_BOOL_CONVERSION = YES;
				CLANG_WARN_COMMA = YES;
				CLANG_WARN_CONSTANT_CONVERSION = YES;
				CLANG_WARN_DEPRECATED_OBJC_IMPLEMENTATIONS = YES;
				CLANG_WARN_DIRECT_OBJC_ISA_USAGE = YES_ERROR;
				CLANG_WARN_DOCUMENTATION_COMMENTS = YES;
				CLANG_WARN_EMPTY_BODY = YES;
				CLANG_WARN_ENUM_CONVERSION = YES;
				CLANG_WARN_INFINITE_RECURSION = YES;
				CLANG_WARN_INT_CONVERSION = YES;
				CLANG_WARN_NON_LITERAL_NULL_CONVERSION = YES;
				CLANG_WARN_OBJC_IMPLICIT_RETAIN_SELF = YES;
				CLANG_WARN_OBJC_LITERAL_CONVERSION = YES;
				CLANG_WARN_OBJC_ROOT_CLASS = YES_ERROR;
				CLANG_WARN_RANGE_LOOP_ANALYSIS = YES;
				CLANG_WARN_STRICT_PROTOTYPES = YES;
				CLANG_WARN_SUSPICIOUS_MOVE = YES;
				CLANG_WARN_UNGUARDED_AVAILABILITY = YES_AGGRESSIVE;
				CLANG_WARN_UNREACHABLE_CODE = YES;
				CLANG_WARN__DUPLICATE_METHOD_MATCH = YES;
				COPY_PHASE_STRIP = NO;
				DEBUG_INFORMATION_FORMAT = "dwarf-with-dsym";
				ENABLE_NS_ASSERTIONS = NO;
				ENABLE_STRICT_OBJC_MSGSEND = YES;
				GCC_C_LANGUAGE_STANDARD = gnu11;
				GCC_NO_COMMON_BLOCKS = YES;
				GCC_WARN_64_TO_32_BIT_CONVERSION = YES;
				GCC_WARN_ABOUT_RETURN_TYPE = YES_ERROR;
				GCC_WARN_UNDECLARED_SELECTOR = YES;
				GCC_WARN_UNINITIALIZED_AUTOS = YES_AGGRESSIVE;
				GCC_WARN_UNUSED_FUNCTION = YES;
				GCC_WARN_UNUSED_VARIABLE = YES;
				IPHONEOS_DEPLOYMENT_TARGET = 13.1;
				MTL_ENABLE_DEBUG_INFO = NO;
				MTL_FAST_MATH = YES;
				SDKROOT = iphoneos;
				SWIFT_COMPILATION_MODE = wholemodule;
				SWIFT_OPTIMIZATION_LEVEL = "-O";
				VALIDATE_PRODUCT = YES;
			};
			name = Release;
		};
		1E243AAF23F7A3520042FD91 /* Debug */ = {
			isa = XCBuildConfiguration;
			buildSettings = {
				ASSETCATALOG_COMPILER_APPICON_NAME = AppIcon;
				CODE_SIGN_STYLE = Automatic;
				DEVELOPMENT_TEAM = V9N7Q5PFTZ;
				INFOPLIST_FILE = "Example 3/Info.plist";
				LD_RUNPATH_SEARCH_PATHS = (
					"$(inherited)",
					"@executable_path/Frameworks",
				);
				PRODUCT_BUNDLE_IDENTIFIER = "Carmel-Braga.Example-3";
				PRODUCT_NAME = "$(TARGET_NAME)";
				SWIFT_VERSION = 5.0;
				TARGETED_DEVICE_FAMILY = "1,2";
			};
			name = Debug;
		};
		1E243AB023F7A3520042FD91 /* Release */ = {
			isa = XCBuildConfiguration;
			buildSettings = {
				ASSETCATALOG_COMPILER_APPICON_NAME = AppIcon;
				CODE_SIGN_STYLE = Automatic;
				DEVELOPMENT_TEAM = V9N7Q5PFTZ;
				INFOPLIST_FILE = "Example 3/Info.plist";
				LD_RUNPATH_SEARCH_PATHS = (
					"$(inherited)",
					"@executable_path/Frameworks",
				);
				PRODUCT_BUNDLE_IDENTIFIER = "Carmel-Braga.Example-3";
				PRODUCT_NAME = "$(TARGET_NAME)";
				SWIFT_VERSION = 5.0;
				TARGETED_DEVICE_FAMILY = "1,2";
			};
			name = Release;
		};
		1E243AB223F7A3520042FD91 /* Debug */ = {
			isa = XCBuildConfiguration;
			buildSettings = {
				ALWAYS_EMBED_SWIFT_STANDARD_LIBRARIES = YES;
				BUNDLE_LOADER = "$(TEST_HOST)";
				CODE_SIGN_STYLE = Automatic;
				DEVELOPMENT_TEAM = V9N7Q5PFTZ;
				INFOPLIST_FILE = "Example 3Tests/Info.plist";
				IPHONEOS_DEPLOYMENT_TARGET = 13.1;
				LD_RUNPATH_SEARCH_PATHS = (
					"$(inherited)",
					"@executable_path/Frameworks",
					"@loader_path/Frameworks",
				);
				PRODUCT_BUNDLE_IDENTIFIER = "Carmel-Braga.Example-3Tests";
				PRODUCT_NAME = "$(TARGET_NAME)";
				SWIFT_VERSION = 5.0;
				TARGETED_DEVICE_FAMILY = "1,2";
				TEST_HOST = "$(BUILT_PRODUCTS_DIR)/Example 3.app/Example 3";
			};
			name = Debug;
		};
		1E243AB323F7A3520042FD91 /* Release */ = {
			isa = XCBuildConfiguration;
			buildSettings = {
				ALWAYS_EMBED_SWIFT_STANDARD_LIBRARIES = YES;
				BUNDLE_LOADER = "$(TEST_HOST)";
				CODE_SIGN_STYLE = Automatic;
				DEVELOPMENT_TEAM = V9N7Q5PFTZ;
				INFOPLIST_FILE = "Example 3Tests/Info.plist";
				IPHONEOS_DEPLOYMENT_TARGET = 13.1;
				LD_RUNPATH_SEARCH_PATHS = (
					"$(inherited)",
					"@executable_path/Frameworks",
					"@loader_path/Frameworks",
				);
				PRODUCT_BUNDLE_IDENTIFIER = "Carmel-Braga.Example-3Tests";
				PRODUCT_NAME = "$(TARGET_NAME)";
				SWIFT_VERSION = 5.0;
				TARGETED_DEVICE_FAMILY = "1,2";
				TEST_HOST = "$(BUILT_PRODUCTS_DIR)/Example 3.app/Example 3";
			};
			name = Release;
		};
		1E243AB523F7A3520042FD91 /* Debug */ = {
			isa = XCBuildConfiguration;
			buildSettings = {
				ALWAYS_EMBED_SWIFT_STANDARD_LIBRARIES = YES;
				CODE_SIGN_STYLE = Automatic;
				DEVELOPMENT_TEAM = V9N7Q5PFTZ;
				INFOPLIST_FILE = "Example 3UITests/Info.plist";
				LD_RUNPATH_SEARCH_PATHS = (
					"$(inherited)",
					"@executable_path/Frameworks",
					"@loader_path/Frameworks",
				);
				PRODUCT_BUNDLE_IDENTIFIER = "Carmel-Braga.Example-3UITests";
				PRODUCT_NAME = "$(TARGET_NAME)";
				SWIFT_VERSION = 5.0;
				TARGETED_DEVICE_FAMILY = "1,2";
				TEST_TARGET_NAME = "Example 3";
			};
			name = Debug;
		};
		1E243AB623F7A3520042FD91 /* Release */ = {
			isa = XCBuildConfiguration;
			buildSettings = {
				ALWAYS_EMBED_SWIFT_STANDARD_LIBRARIES = YES;
				CODE_SIGN_STYLE = Automatic;
				DEVELOPMENT_TEAM = V9N7Q5PFTZ;
				INFOPLIST_FILE = "Example 3UITests/Info.plist";
				LD_RUNPATH_SEARCH_PATHS = (
					"$(inherited)",
					"@executable_path/Frameworks",
					"@loader_path/Frameworks",
				);
				PRODUCT_BUNDLE_IDENTIFIER = "Carmel-Braga.Example-3UITests";
				PRODUCT_NAME = "$(TARGET_NAME)";
				SWIFT_VERSION = 5.0;
				TARGETED_DEVICE_FAMILY = "1,2";
				TEST_TARGET_NAME = "Example 3";
			};
			name = Release;
		};
/* End XCBuildConfiguration section */

/* Begin XCConfigurationList section */
		1E243A7F23F7A3440042FD91 /* Build configuration list for PBXProject "Example 3" */ = {
			isa = XCConfigurationList;
			buildConfigurations = (
				1E243AAC23F7A3520042FD91 /* Debug */,
				1E243AAD23F7A3520042FD91 /* Release */,
			);
			defaultConfigurationIsVisible = 0;
			defaultConfigurationName = Release;
		};
		1E243AAE23F7A3520042FD91 /* Build configuration list for PBXNativeTarget "Example 3" */ = {
			isa = XCConfigurationList;
			buildConfigurations = (
				1E243AAF23F7A3520042FD91 /* Debug */,
				1E243AB023F7A3520042FD91 /* Release */,
			);
			defaultConfigurationIsVisible = 0;
			defaultConfigurationName = Release;
		};
		1E243AB123F7A3520042FD91 /* Build configuration list for PBXNativeTarget "Example 3Tests" */ = {
			isa = XCConfigurationList;
			buildConfigurations = (
				1E243AB223F7A3520042FD91 /* Debug */,
				1E243AB323F7A3520042FD91 /* Release */,
			);
			defaultConfigurationIsVisible = 0;
			defaultConfigurationName = Release;
		};
		1E243AB423F7A3520042FD91 /* Build configuration list for PBXNativeTarget "Example 3UITests" */ = {
			isa = XCConfigurationList;
			buildConfigurations = (
				1E243AB523F7A3520042FD91 /* Debug */,
				1E243AB623F7A3520042FD91 /* Release */,
			);
			defaultConfigurationIsVisible = 0;
			defaultConfigurationName = Release;
		};
/* End XCConfigurationList section */
	};
	rootObject = 1E243A7C23F7A3430042FD91 /* Project object */;
}
